
Microsoft Visual Studio Solution File, Format Version 12.00
# Visual Studio Version 17
VisualStudioVersion = 17.11.35327.3
MinimumVisualStudioVersion = 10.0.40219.1
Project("{54A90642-561A-4BB1-A94E-469ADEE60C69}") = "portfolio", "Portfolio\portfolio.esproj", "{E4D09634-8F57-4CED-AFCA-D81B0FF4695A}"
EndProject
Global
	GlobalSection(SolutionConfigurationPlatforms) = preSolution
		Debug|Any CPU = Debug|Any CPU
		Release|Any CPU = Release|Any CPU
	EndGlobalSection
	GlobalSection(ProjectConfigurationPlatforms) = postSolution
		{E4D09634-8F57-4CED-AFCA-D81B0FF4695A}.Debug|Any CPU.ActiveCfg = Debug|Any CPU
		{E4D09634-8F57-4CED-AFCA-D81B0FF4695A}.Debug|Any CPU.Build.0 = Debug|Any CPU
		{E4D09634-8F57-4CED-AFCA-D81B0FF4695A}.Debug|Any CPU.Deploy.0 = Debug|Any CPU
		{E4D09634-8F57-4CED-AFCA-D81B0FF4695A}.Release|Any CPU.ActiveCfg = Release|Any CPU
		{E4D09634-8F57-4CED-AFCA-D81B0FF4695A}.Release|Any CPU.Build.0 = Release|Any CPU
		{E4D09634-8F57-4CED-AFCA-D81B0FF4695A}.Release|Any CPU.Deploy.0 = Release|Any CPU
	EndGlobalSection
	GlobalSection(SolutionProperties) = preSolution
		HideSolutionNode = FALSE
	EndGlobalSection
	GlobalSection(ExtensibilityGlobals) = postSolution
		SolutionGuid = {3B0AA371-A46F-484C-93EF-2C00350E5299}
	EndGlobalSection
EndGlobal
